
Microsoft Visual Studio Solution File, Format Version 12.00
# Visual Studio Version 17
VisualStudioVersion = 17.7.34024.191
MinimumVisualStudioVersion = 10.0.40219.1
Project("{FAE04EC0-301F-11D3-BF4B-00C04F79EFBC}") = "Grade", "Grade.csproj", "{8B3022A0-9AA6-4CBC-84B7-2177E0046268}"
EndProject
Global
	GlobalSection(SolutionConfigurationPlatforms) = preSolution
		Debug|Any CPU = Debug|Any CPU
		Release|Any CPU = Release|Any CPU
	EndGlobalSection
	GlobalSection(ProjectConfigurationPlatforms) = postSolution
		{8B3022A0-9AA6-4CBC-84B7-2177E0046268}.Debug|Any CPU.ActiveCfg = Debug|Any CPU
		{8B3022A0-9AA6-4CBC-84B7-2177E0046268}.Debug|Any CPU.Build.0 = Debug|Any CPU
		{8B3022A0-9AA6-4CBC-84B7-2177E0046268}.Release|Any CPU.ActiveCfg = Release|Any CPU
		{8B3022A0-9AA6-4CBC-84B7-2177E0046268}.Release|Any CPU.Build.0 = Release|Any CPU
	EndGlobalSection
	GlobalSection(SolutionProperties) = preSolution
		HideSolutionNode = FALSE
	EndGlobalSection
	GlobalSection(ExtensibilityGlobals) = postSolution
		SolutionGuid = {01C295EA-7AA2-4E87-8714-D1F139D61E80}
	EndGlobalSection
EndGlobal
